
Microsoft Visual Studio Solution File, Format Version 12.00
# Visual Studio Version 16
VisualStudioVersion = 16.0.31229.75
MinimumVisualStudioVersion = 10.0.40219.1
Project("{FAE04EC0-301F-11D3-BF4B-00C04F79EFBC}") = "API", "API.csproj", "{32E91235-69B4-4704-90CD-F5271D0474AF}"
EndProject
Project("{FAE04EC0-301F-11D3-BF4B-00C04F79EFBC}") = "Application", "..\Application\Application.csproj", "{F2E0FE98-B9EF-49A7-B2CD-DFC2AD959DE9}"
EndProject
Project("{FAE04EC0-301F-11D3-BF4B-00C04F79EFBC}") = "Persistence", "..\Persistence\Persistence.csproj", "{5A7F9776-0A06-4096-A535-2CF9E8EB7E5F}"
EndProject
Project("{FAE04EC0-301F-11D3-BF4B-00C04F79EFBC}") = "Domain", "..\Domain\Domain.csproj", "{8AB90331-8806-483B-A0E6-D2F94F9B0C31}"
EndProject
Global
	GlobalSection(SolutionConfigurationPlatforms) = preSolution
		Debug|Any CPU = Debug|Any CPU
		Release|Any CPU = Release|Any CPU
	EndGlobalSection
	GlobalSection(ProjectConfigurationPlatforms) = postSolution
		{32E91235-69B4-4704-90CD-F5271D0474AF}.Debug|Any CPU.ActiveCfg = Debug|Any CPU
		{32E91235-69B4-4704-90CD-F5271D0474AF}.Debug|Any CPU.Build.0 = Debug|Any CPU
		{32E91235-69B4-4704-90CD-F5271D0474AF}.Release|Any CPU.ActiveCfg = Release|Any CPU
		{32E91235-69B4-4704-90CD-F5271D0474AF}.Release|Any CPU.Build.0 = Release|Any CPU
		{F2E0FE98-B9EF-49A7-B2CD-DFC2AD959DE9}.Debug|Any CPU.ActiveCfg = Debug|Any CPU
		{F2E0FE98-B9EF-49A7-B2CD-DFC2AD959DE9}.Debug|Any CPU.Build.0 = Debug|Any CPU
		{F2E0FE98-B9EF-49A7-B2CD-DFC2AD959DE9}.Release|Any CPU.ActiveCfg = Release|Any CPU
		{F2E0FE98-B9EF-49A7-B2CD-DFC2AD959DE9}.Release|Any CPU.Build.0 = Release|Any CPU
		{5A7F9776-0A06-4096-A535-2CF9E8EB7E5F}.Debug|Any CPU.ActiveCfg = Debug|Any CPU
		{5A7F9776-0A06-4096-A535-2CF9E8EB7E5F}.Debug|Any CPU.Build.0 = Debug|Any CPU
		{5A7F9776-0A06-4096-A535-2CF9E8EB7E5F}.Release|Any CPU.ActiveCfg = Release|Any CPU
		{5A7F9776-0A06-4096-A535-2CF9E8EB7E5F}.Release|Any CPU.Build.0 = Release|Any CPU
		{8AB90331-8806-483B-A0E6-D2F94F9B0C31}.Debug|Any CPU.ActiveCfg = Debug|Any CPU
		{8AB90331-8806-483B-A0E6-D2F94F9B0C31}.Debug|Any CPU.Build.0 = Debug|Any CPU
		{8AB90331-8806-483B-A0E6-D2F94F9B0C31}.Release|Any CPU.ActiveCfg = Release|Any CPU
		{8AB90331-8806-483B-A0E6-D2F94F9B0C31}.Release|Any CPU.Build.0 = Release|Any CPU
	EndGlobalSection
	GlobalSection(SolutionProperties) = preSolution
		HideSolutionNode = FALSE
	EndGlobalSection
	GlobalSection(ExtensibilityGlobals) = postSolution
		SolutionGuid = {64C4C174-2BB1-4748-BDD3-0428EE09A295}
	EndGlobalSection
EndGlobal
